
Microsoft Visual Studio Solution File, Format Version 12.00
# Visual Studio Version 17
VisualStudioVersion = 17.5.33424.131
MinimumVisualStudioVersion = 10.0.40219.1
Project("{2150E333-8FDC-42A3-9474-1A3956D46DE8}") = "Solution Items", "Solution Items", "{5436581A-3C20-4EBF-83D9-AB4B17D8DF78}"
	ProjectSection(SolutionItems) = preProject
		Reference.txt = Reference.txt
	EndProjectSection
EndProject
Global
	GlobalSection(SolutionProperties) = preSolution
		HideSolutionNode = FALSE
	EndGlobalSection
	GlobalSection(ExtensibilityGlobals) = postSolution
		SolutionGuid = {33DB7806-58F5-41EC-9A84-8FBE40586DB1}
	EndGlobalSection
EndGlobal
