
Microsoft Visual Studio Solution File, Format Version 12.00
# Visual Studio Version 17
VisualStudioVersion = 17.5.33424.131
MinimumVisualStudioVersion = 10.0.40219.1
Project("{2150E333-8FDC-42A3-9474-1A3956D46DE8}") = "Reference", "Reference", "{2923AA1A-EC0B-473F-9A27-547D3BB23407}"
	ProjectSection(SolutionItems) = preProject
		Concepts.txt = Concepts.txt
	EndProjectSection
EndProject
Global
	GlobalSection(SolutionProperties) = preSolution
		HideSolutionNode = FALSE
	EndGlobalSection
	GlobalSection(ExtensibilityGlobals) = postSolution
		SolutionGuid = {D667B3E6-C4B8-4132-8455-050B95707B0F}
	EndGlobalSection
EndGlobal
